
Microsoft Visual Studio Solution File, Format Version 12.00
# Visual Studio Version 17
VisualStudioVersion = 17.7.34009.444
MinimumVisualStudioVersion = 10.0.40219.1
Project("{9A19103F-16F7-4668-BE54-9A1E7A4F7556}") = "Advancly", "Advancly\Advancly.csproj", "{3804C8E0-7941-48B8-8842-59F6927CD638}"
EndProject
Project("{9A19103F-16F7-4668-BE54-9A1E7A4F7556}") = "Advancly.Core", "Advancly.Core\Advancly.Core.csproj", "{CF0AB2B6-AB2E-4B1A-935F-C30C59E72C44}"
EndProject
Project("{9A19103F-16F7-4668-BE54-9A1E7A4F7556}") = "Advancly.Infrastructure", "Advancly.Infrastructure\Advancly.Infrastructure.csproj", "{7F0CDA78-13B4-4E7B-8736-7351003F124D}"
EndProject
Project("{9A19103F-16F7-4668-BE54-9A1E7A4F7556}") = "Advancly.Domain", "Advancly.Domain\Advancly.Domain.csproj", "{47996F96-125F-4664-95B4-ADF25E9597AF}"
EndProject
Project("{FAE04EC0-301F-11D3-BF4B-00C04F79EFBC}") = "AdvanclyTests", "AdvanclyTests\AdvanclyTests.csproj", "{ECC3B213-2DBA-46ED-A3B7-E7ACF8325148}"
EndProject
Global
	GlobalSection(SolutionConfigurationPlatforms) = preSolution
		Debug|Any CPU = Debug|Any CPU
		Release|Any CPU = Release|Any CPU
	EndGlobalSection
	GlobalSection(ProjectConfigurationPlatforms) = postSolution
		{3804C8E0-7941-48B8-8842-59F6927CD638}.Debug|Any CPU.ActiveCfg = Debug|Any CPU
		{3804C8E0-7941-48B8-8842-59F6927CD638}.Debug|Any CPU.Build.0 = Debug|Any CPU
		{3804C8E0-7941-48B8-8842-59F6927CD638}.Release|Any CPU.ActiveCfg = Release|Any CPU
		{3804C8E0-7941-48B8-8842-59F6927CD638}.Release|Any CPU.Build.0 = Release|Any CPU
		{CF0AB2B6-AB2E-4B1A-935F-C30C59E72C44}.Debug|Any CPU.ActiveCfg = Debug|Any CPU
		{CF0AB2B6-AB2E-4B1A-935F-C30C59E72C44}.Debug|Any CPU.Build.0 = Debug|Any CPU
		{CF0AB2B6-AB2E-4B1A-935F-C30C59E72C44}.Release|Any CPU.ActiveCfg = Release|Any CPU
		{CF0AB2B6-AB2E-4B1A-935F-C30C59E72C44}.Release|Any CPU.Build.0 = Release|Any CPU
		{7F0CDA78-13B4-4E7B-8736-7351003F124D}.Debug|Any CPU.ActiveCfg = Debug|Any CPU
		{7F0CDA78-13B4-4E7B-8736-7351003F124D}.Debug|Any CPU.Build.0 = Debug|Any CPU
		{7F0CDA78-13B4-4E7B-8736-7351003F124D}.Release|Any CPU.ActiveCfg = Release|Any CPU
		{7F0CDA78-13B4-4E7B-8736-7351003F124D}.Release|Any CPU.Build.0 = Release|Any CPU
		{47996F96-125F-4664-95B4-ADF25E9597AF}.Debug|Any CPU.ActiveCfg = Debug|Any CPU
		{47996F96-125F-4664-95B4-ADF25E9597AF}.Debug|Any CPU.Build.0 = Debug|Any CPU
		{47996F96-125F-4664-95B4-ADF25E9597AF}.Release|Any CPU.ActiveCfg = Release|Any CPU
		{47996F96-125F-4664-95B4-ADF25E9597AF}.Release|Any CPU.Build.0 = Release|Any CPU
		{ECC3B213-2DBA-46ED-A3B7-E7ACF8325148}.Debug|Any CPU.ActiveCfg = Debug|Any CPU
		{ECC3B213-2DBA-46ED-A3B7-E7ACF8325148}.Debug|Any CPU.Build.0 = Debug|Any CPU
		{ECC3B213-2DBA-46ED-A3B7-E7ACF8325148}.Release|Any CPU.ActiveCfg = Release|Any CPU
		{ECC3B213-2DBA-46ED-A3B7-E7ACF8325148}.Release|Any CPU.Build.0 = Release|Any CPU
	EndGlobalSection
	GlobalSection(SolutionProperties) = preSolution
		HideSolutionNode = FALSE
	EndGlobalSection
	GlobalSection(ExtensibilityGlobals) = postSolution
		SolutionGuid = {0B7D0B3D-D4D7-4319-8457-853D187E0314}
	EndGlobalSection
EndGlobal
